
Microsoft Visual Studio Solution File, Format Version 12.00
# Visual Studio Version 16
VisualStudioVersion = 16.0.30104.148
MinimumVisualStudioVersion = 10.0.40219.1
Project("{8BC9CEB8-8B4A-11D0-8D11-00A0C91BC942}") = "CP_02_01", "CP_02_01\CP_02_01.vcxproj", "{FEA280AD-2C62-4ACA-A7BE-88901AD1944B}"
EndProject
Global
	GlobalSection(SolutionConfigurationPlatforms) = preSolution
		Debug|x64 = Debug|x64
		Debug|x86 = Debug|x86
		Release|x64 = Release|x64
		Release|x86 = Release|x86
	EndGlobalSection
	GlobalSection(ProjectConfigurationPlatforms) = postSolution
		{FEA280AD-2C62-4ACA-A7BE-88901AD1944B}.Debug|x64.ActiveCfg = Debug|x64
		{FEA280AD-2C62-4ACA-A7BE-88901AD1944B}.Debug|x64.Build.0 = Debug|x64
		{FEA280AD-2C62-4ACA-A7BE-88901AD1944B}.Debug|x86.ActiveCfg = Debug|Win32
		{FEA280AD-2C62-4ACA-A7BE-88901AD1944B}.Debug|x86.Build.0 = Debug|Win32
		{FEA280AD-2C62-4ACA-A7BE-88901AD1944B}.Release|x64.ActiveCfg = Release|x64
		{FEA280AD-2C62-4ACA-A7BE-88901AD1944B}.Release|x64.Build.0 = Release|x64
		{FEA280AD-2C62-4ACA-A7BE-88901AD1944B}.Release|x86.ActiveCfg = Release|Win32
		{FEA280AD-2C62-4ACA-A7BE-88901AD1944B}.Release|x86.Build.0 = Release|Win32
	EndGlobalSection
	GlobalSection(SolutionProperties) = preSolution
		HideSolutionNode = FALSE
	EndGlobalSection
	GlobalSection(ExtensibilityGlobals) = postSolution
		SolutionGuid = {04860E35-20CB-4E14-A2E6-3E5F78B7180C}
	EndGlobalSection
EndGlobal
