
Microsoft Visual Studio Solution File, Format Version 12.00
# Visual Studio Version 16
VisualStudioVersion = 16.0.30104.148
MinimumVisualStudioVersion = 10.0.40219.1
Project("{FAE04EC0-301F-11D3-BF4B-00C04F79EFBC}") = "VP", "VP\VP.csproj", "{49BCB1ED-4B7B-46FA-B1C1-E983A59E615D}"
EndProject
Global
	GlobalSection(SolutionConfigurationPlatforms) = preSolution
		Debug|Any CPU = Debug|Any CPU
		Release|Any CPU = Release|Any CPU
	EndGlobalSection
	GlobalSection(ProjectConfigurationPlatforms) = postSolution
		{49BCB1ED-4B7B-46FA-B1C1-E983A59E615D}.Debug|Any CPU.ActiveCfg = Debug|Any CPU
		{49BCB1ED-4B7B-46FA-B1C1-E983A59E615D}.Debug|Any CPU.Build.0 = Debug|Any CPU
		{49BCB1ED-4B7B-46FA-B1C1-E983A59E615D}.Release|Any CPU.ActiveCfg = Release|Any CPU
		{49BCB1ED-4B7B-46FA-B1C1-E983A59E615D}.Release|Any CPU.Build.0 = Release|Any CPU
	EndGlobalSection
	GlobalSection(SolutionProperties) = preSolution
		HideSolutionNode = FALSE
	EndGlobalSection
	GlobalSection(ExtensibilityGlobals) = postSolution
		SolutionGuid = {3BF8F96D-9F0C-4357-9322-32E05E3DB076}
	EndGlobalSection
EndGlobal
